
Microsoft Visual Studio Solution File, Format Version 12.00
# Visual Studio Version 16
VisualStudioVersion = 16.0.31702.278
MinimumVisualStudioVersion = 10.0.40219.1
Project("{8BC9CEB8-8B4A-11D0-8D11-00A0C91BC942}") = "GraphicsEngine", "GraphicsEngine\GraphicsEngine.vcxproj", "{64BBD892-3125-4295-97AF-C34E6737AAF0}"
EndProject
Project("{8BC9CEB8-8B4A-11D0-8D11-00A0C91BC942}") = "Game", "Game\Game.vcxproj", "{197E5CCF-14EB-4D4F-AA97-DC03D149D0F2}"
	ProjectSection(ProjectDependencies) = postProject
		{32A41557-0004-425E-A04D-526494260053} = {32A41557-0004-425E-A04D-526494260053}
	EndProjectSection
EndProject
Project("{8BC9CEB8-8B4A-11D0-8D11-00A0C91BC942}") = "OKEngine", "OKEngine\OKEngine.vcxproj", "{32A41557-0004-425E-A04D-526494260053}"
	ProjectSection(ProjectDependencies) = postProject
		{64BBD892-3125-4295-97AF-C34E6737AAF0} = {64BBD892-3125-4295-97AF-C34E6737AAF0}
		{3606249D-2D46-4F49-8904-16FAC3E3CA1E} = {3606249D-2D46-4F49-8904-16FAC3E3CA1E}
	EndProjectSection
EndProject
Project("{8BC9CEB8-8B4A-11D0-8D11-00A0C91BC942}") = "ASEParser", "ASEParser\D3DUtilLib.vcxproj", "{3606249D-2D46-4F49-8904-16FAC3E3CA1E}"
EndProject
Project("{2150E333-8FDC-42A3-9474-1A3956D46DE8}") = "Shaders", "Shaders", "{3555E8DB-62A0-4FD1-9B33-611ED8ED8290}"
	ProjectSection(SolutionItems) = preProject
		Output\Shader\cbPerFrame.hlsl = Output\Shader\cbPerFrame.hlsl
		Output\Shader\Light.hlsl = Output\Shader\Light.hlsl
		Output\Shader\PixelShader_Merger.hlsl = Output\Shader\PixelShader_Merger.hlsl
		Output\Shader\PixelShader_Mesh.hlsl = Output\Shader\PixelShader_Mesh.hlsl
		Output\Shader\PixelShader_Shadow.hlsl = Output\Shader\PixelShader_Shadow.hlsl
		Output\Shader\PostProcess.hlsl = Output\Shader\PostProcess.hlsl
		Output\Shader\ShaderHelper.hlsl = Output\Shader\ShaderHelper.hlsl
		Output\Shader\VertexShader_Merger.hlsl = Output\Shader\VertexShader_Merger.hlsl
		Output\Shader\VertexShader_Mesh.hlsl = Output\Shader\VertexShader_Mesh.hlsl
		Output\Shader\VertexShader_Shadow.hlsl = Output\Shader\VertexShader_Shadow.hlsl
	EndProjectSection
EndProject
Global
	GlobalSection(SolutionConfigurationPlatforms) = preSolution
		Debug|x64 = Debug|x64
		Debug|x86 = Debug|x86
		Release|x64 = Release|x64
		Release|x86 = Release|x86
	EndGlobalSection
	GlobalSection(ProjectConfigurationPlatforms) = postSolution
		{64BBD892-3125-4295-97AF-C34E6737AAF0}.Debug|x64.ActiveCfg = Debug|x64
		{64BBD892-3125-4295-97AF-C34E6737AAF0}.Debug|x64.Build.0 = Debug|x64
		{64BBD892-3125-4295-97AF-C34E6737AAF0}.Debug|x86.ActiveCfg = Debug|Win32
		{64BBD892-3125-4295-97AF-C34E6737AAF0}.Debug|x86.Build.0 = Debug|Win32
		{64BBD892-3125-4295-97AF-C34E6737AAF0}.Release|x64.ActiveCfg = Release|x64
		{64BBD892-3125-4295-97AF-C34E6737AAF0}.Release|x64.Build.0 = Release|x64
		{64BBD892-3125-4295-97AF-C34E6737AAF0}.Release|x86.ActiveCfg = Release|Win32
		{64BBD892-3125-4295-97AF-C34E6737AAF0}.Release|x86.Build.0 = Release|Win32
		{197E5CCF-14EB-4D4F-AA97-DC03D149D0F2}.Debug|x64.ActiveCfg = Debug|x64
		{197E5CCF-14EB-4D4F-AA97-DC03D149D0F2}.Debug|x64.Build.0 = Debug|x64
		{197E5CCF-14EB-4D4F-AA97-DC03D149D0F2}.Debug|x86.ActiveCfg = Debug|Win32
		{197E5CCF-14EB-4D4F-AA97-DC03D149D0F2}.Debug|x86.Build.0 = Debug|Win32
		{197E5CCF-14EB-4D4F-AA97-DC03D149D0F2}.Release|x64.ActiveCfg = Release|x64
		{197E5CCF-14EB-4D4F-AA97-DC03D149D0F2}.Release|x64.Build.0 = Release|x64
		{197E5CCF-14EB-4D4F-AA97-DC03D149D0F2}.Release|x86.ActiveCfg = Release|Win32
		{197E5CCF-14EB-4D4F-AA97-DC03D149D0F2}.Release|x86.Build.0 = Release|Win32
		{32A41557-0004-425E-A04D-526494260053}.Debug|x64.ActiveCfg = Debug|x64
		{32A41557-0004-425E-A04D-526494260053}.Debug|x64.Build.0 = Debug|x64
		{32A41557-0004-425E-A04D-526494260053}.Debug|x86.ActiveCfg = Debug|Win32
		{32A41557-0004-425E-A04D-526494260053}.Debug|x86.Build.0 = Debug|Win32
		{32A41557-0004-425E-A04D-526494260053}.Release|x64.ActiveCfg = Release|x64
		{32A41557-0004-425E-A04D-526494260053}.Release|x64.Build.0 = Release|x64
		{32A41557-0004-425E-A04D-526494260053}.Release|x86.ActiveCfg = Release|Win32
		{32A41557-0004-425E-A04D-526494260053}.Release|x86.Build.0 = Release|Win32
		{3606249D-2D46-4F49-8904-16FAC3E3CA1E}.Debug|x64.ActiveCfg = Debug|x64
		{3606249D-2D46-4F49-8904-16FAC3E3CA1E}.Debug|x64.Build.0 = Debug|x64
		{3606249D-2D46-4F49-8904-16FAC3E3CA1E}.Debug|x86.ActiveCfg = Debug|Win32
		{3606249D-2D46-4F49-8904-16FAC3E3CA1E}.Debug|x86.Build.0 = Debug|Win32
		{3606249D-2D46-4F49-8904-16FAC3E3CA1E}.Release|x64.ActiveCfg = Release|x64
		{3606249D-2D46-4F49-8904-16FAC3E3CA1E}.Release|x64.Build.0 = Release|x64
		{3606249D-2D46-4F49-8904-16FAC3E3CA1E}.Release|x86.ActiveCfg = Release|Win32
		{3606249D-2D46-4F49-8904-16FAC3E3CA1E}.Release|x86.Build.0 = Release|Win32
	EndGlobalSection
	GlobalSection(SolutionProperties) = preSolution
		HideSolutionNode = FALSE
	EndGlobalSection
	GlobalSection(ExtensibilityGlobals) = postSolution
		SolutionGuid = {7C51D8CF-6B15-4A86-A5F4-62D6864082EC}
	EndGlobalSection
EndGlobal
